// !$*UTF8*$!
{
	archiveVersion = 1;
	classes = {
	};
	objectVersion = 56;
	objects = {

/* Begin PBXBuildFile section */
		A10000000000000000000001 /* PowerMeshApp.swift in Sources */ = {isa = PBXBuildFile; fileRef = B10000000000000000000001 /* PowerMeshApp.swift */; };
		A10000000000000000000002 /* BatterySnapshot.swift in Sources */ = {isa = PBXBuildFile; fileRef = B10000000000000000000002 /* BatterySnapshot.swift */; };
		A10000000000000000000003 /* BatteryDashboardStore.swift in Sources */ = {isa = PBXBuildFile; fileRef = B10000000000000000000003 /* BatteryDashboardStore.swift */; };
		A10000000000000000000004 /* CloudBatteryStore.swift in Sources */ = {isa = PBXBuildFile; fileRef = B10000000000000000000004 /* CloudBatteryStore.swift */; };
		A10000000000000000000005 /* DeviceIdentity.swift in Sources */ = {isa = PBXBuildFile; fileRef = B10000000000000000000005 /* DeviceIdentity.swift */; };
		A10000000000000000000006 /* LocalBatteryReader.swift in Sources */ = {isa = PBXBuildFile; fileRef = B10000000000000000000006 /* LocalBatteryReader.swift */; };
		A10000000000000000000007 /* AppLanguage.swift in Sources */ = {isa = PBXBuildFile; fileRef = B10000000000000000000007 /* AppLanguage.swift */; };
		A10000000000000000000008 /* BatteryCard.swift in Sources */ = {isa = PBXBuildFile; fileRef = B10000000000000000000008 /* BatteryCard.swift */; };
		A10000000000000000000009 /* CompactMenuView.swift in Sources */ = {isa = PBXBuildFile; fileRef = B10000000000000000000009 /* CompactMenuView.swift */; };
		A1000000000000000000000A /* DashboardView.swift in Sources */ = {isa = PBXBuildFile; fileRef = B1000000000000000000000A /* DashboardView.swift */; };
		A1000000000000000000000B /* SettingsView.swift in Sources */ = {isa = PBXBuildFile; fileRef = B1000000000000000000000B /* SettingsView.swift */; };
		A1000000000000000000000C /* PrivacyInfo.xcprivacy in Resources */ = {isa = PBXBuildFile; fileRef = B1000000000000000000000E /* PrivacyInfo.xcprivacy */; };
		A20000000000000000000001 /* PowerMeshApp.swift in Sources */ = {isa = PBXBuildFile; fileRef = B10000000000000000000001 /* PowerMeshApp.swift */; };
		A20000000000000000000002 /* BatterySnapshot.swift in Sources */ = {isa = PBXBuildFile; fileRef = B10000000000000000000002 /* BatterySnapshot.swift */; };
		A20000000000000000000003 /* BatteryDashboardStore.swift in Sources */ = {isa = PBXBuildFile; fileRef = B10000000000000000000003 /* BatteryDashboardStore.swift */; };
		A20000000000000000000004 /* CloudBatteryStore.swift in Sources */ = {isa = PBXBuildFile; fileRef = B10000000000000000000004 /* CloudBatteryStore.swift */; };
		A20000000000000000000005 /* DeviceIdentity.swift in Sources */ = {isa = PBXBuildFile; fileRef = B10000000000000000000005 /* DeviceIdentity.swift */; };
		A20000000000000000000006 /* LocalBatteryReader.swift in Sources */ = {isa = PBXBuildFile; fileRef = B10000000000000000000006 /* LocalBatteryReader.swift */; };
		A20000000000000000000007 /* AppLanguage.swift in Sources */ = {isa = PBXBuildFile; fileRef = B10000000000000000000007 /* AppLanguage.swift */; };
		A20000000000000000000008 /* BatteryCard.swift in Sources */ = {isa = PBXBuildFile; fileRef = B10000000000000000000008 /* BatteryCard.swift */; };
		A20000000000000000000009 /* CompactMenuView.swift in Sources */ = {isa = PBXBuildFile; fileRef = B10000000000000000000009 /* CompactMenuView.swift */; };
		A2000000000000000000000A /* DashboardView.swift in Sources */ = {isa = PBXBuildFile; fileRef = B1000000000000000000000A /* DashboardView.swift */; };
		A2000000000000000000000B /* SettingsView.swift in Sources */ = {isa = PBXBuildFile; fileRef = B1000000000000000000000B /* SettingsView.swift */; };
		A2000000000000000000000C /* PrivacyInfo.xcprivacy in Resources */ = {isa = PBXBuildFile; fileRef = B1000000000000000000000E /* PrivacyInfo.xcprivacy */; };

		A30010000000000000000001 /* BatteryHistory.swift in Sources */ = {isa = PBXBuildFile; fileRef = B30000000000000000000001 /* BatteryHistory.swift */; };
		A30010000000000000000002 /* PowerMeshStorage.swift in Sources */ = {isa = PBXBuildFile; fileRef = B30000000000000000000002 /* PowerMeshStorage.swift */; };
		A30010000000000000000003 /* BatteryNotificationService.swift in Sources */ = {isa = PBXBuildFile; fileRef = B30000000000000000000003 /* BatteryNotificationService.swift */; };
		A30010000000000000000004 /* BackgroundRefreshCoordinator.swift in Sources */ = {isa = PBXBuildFile; fileRef = B30000000000000000000004 /* BackgroundRefreshCoordinator.swift */; };
		A30010000000000000000005 /* AppLifecycle.swift in Sources */ = {isa = PBXBuildFile; fileRef = B30000000000000000000005 /* AppLifecycle.swift */; };
		A30010000000000000000006 /* DeviceDetailView.swift in Sources */ = {isa = PBXBuildFile; fileRef = B30000000000000000000006 /* DeviceDetailView.swift */; };
		A30020000000000000000001 /* BatteryHistory.swift in Sources */ = {isa = PBXBuildFile; fileRef = B30000000000000000000001 /* BatteryHistory.swift */; };
		A30020000000000000000002 /* PowerMeshStorage.swift in Sources */ = {isa = PBXBuildFile; fileRef = B30000000000000000000002 /* PowerMeshStorage.swift */; };
		A30020000000000000000003 /* BatteryNotificationService.swift in Sources */ = {isa = PBXBuildFile; fileRef = B30000000000000000000003 /* BatteryNotificationService.swift */; };
		A30020000000000000000004 /* BackgroundRefreshCoordinator.swift in Sources */ = {isa = PBXBuildFile; fileRef = B30000000000000000000004 /* BackgroundRefreshCoordinator.swift */; };
		A30020000000000000000005 /* AppLifecycle.swift in Sources */ = {isa = PBXBuildFile; fileRef = B30000000000000000000005 /* AppLifecycle.swift */; };
		A30020000000000000000006 /* DeviceDetailView.swift in Sources */ = {isa = PBXBuildFile; fileRef = B30000000000000000000006 /* DeviceDetailView.swift */; };

		A40000000000000000000001 /* PowerMeshWidgets.swift in Sources */ = {isa = PBXBuildFile; fileRef = B40000000000000000000001 /* PowerMeshWidgets.swift */; };
		A40000000000000000000002 /* BatteryOverviewWidget.swift in Sources */ = {isa = PBXBuildFile; fileRef = B40000000000000000000002 /* BatteryOverviewWidget.swift */; };
		A40000000000000000000003 /* PowerMeshWidgets.appex in Embed App Extensions */ = {isa = PBXBuildFile; fileRef = B40000000000000000000010 /* PowerMeshWidgets.appex */; settings = {ATTRIBUTES = (CodeSignOnCopy, RemoveHeadersOnCopy, ); }; };
		A40000000000000000000004 /* PowerMeshWidgets.appex in Embed App Extensions */ = {isa = PBXBuildFile; fileRef = B40000000000000000000010 /* PowerMeshWidgets.appex */; settings = {ATTRIBUTES = (CodeSignOnCopy, RemoveHeadersOnCopy, ); }; };

		A70010000000000000000001 /* AccessoryBatteryScanner.swift in Sources */ = {isa = PBXBuildFile; fileRef = B70000000000000000000001 /* AccessoryBatteryScanner.swift */; };
		A70020000000000000000001 /* AccessoryBatteryScanner.swift in Sources */ = {isa = PBXBuildFile; fileRef = B70000000000000000000001 /* AccessoryBatteryScanner.swift */; };
		A70010000000000000000002 /* InfoPlist.strings in Resources */ = {isa = PBXBuildFile; fileRef = V70000000000000000000001 /* InfoPlist.strings */; };
		A70020000000000000000002 /* InfoPlist.strings in Resources */ = {isa = PBXBuildFile; fileRef = V70000000000000000000001 /* InfoPlist.strings */; };
/* End PBXBuildFile section */

/* Begin PBXContainerItemProxy section */
		G10000000000000000000001 /* PBXContainerItemProxy */ = {isa = PBXContainerItemProxy; containerPortal = E00000000000000000000001 /* Project object */; proxyType = 1; remoteGlobalIDString = E30000000000000000000001; remoteInfo = PowerMeshWidgets; };
		G20000000000000000000001 /* PBXContainerItemProxy */ = {isa = PBXContainerItemProxy; containerPortal = E00000000000000000000001 /* Project object */; proxyType = 1; remoteGlobalIDString = E30000000000000000000001; remoteInfo = PowerMeshWidgets; };
/* End PBXContainerItemProxy section */

/* Begin PBXFileReference section */
		B10000000000000000000001 /* PowerMeshApp.swift */ = {isa = PBXFileReference; lastKnownFileType = sourcecode.swift; path = PowerMeshApp.swift; sourceTree = "<group>"; };
		B10000000000000000000002 /* BatterySnapshot.swift */ = {isa = PBXFileReference; lastKnownFileType = sourcecode.swift; path = BatterySnapshot.swift; sourceTree = "<group>"; };
		B10000000000000000000003 /* BatteryDashboardStore.swift */ = {isa = PBXFileReference; lastKnownFileType = sourcecode.swift; path = BatteryDashboardStore.swift; sourceTree = "<group>"; };
		B10000000000000000000004 /* CloudBatteryStore.swift */ = {isa = PBXFileReference; lastKnownFileType = sourcecode.swift; path = CloudBatteryStore.swift; sourceTree = "<group>"; };
		B10000000000000000000005 /* DeviceIdentity.swift */ = {isa = PBXFileReference; lastKnownFileType = sourcecode.swift; path = DeviceIdentity.swift; sourceTree = "<group>"; };
		B10000000000000000000006 /* LocalBatteryReader.swift */ = {isa = PBXFileReference; lastKnownFileType = sourcecode.swift; path = LocalBatteryReader.swift; sourceTree = "<group>"; };
		B10000000000000000000007 /* AppLanguage.swift */ = {isa = PBXFileReference; lastKnownFileType = sourcecode.swift; path = AppLanguage.swift; sourceTree = "<group>"; };
		B10000000000000000000008 /* BatteryCard.swift */ = {isa = PBXFileReference; lastKnownFileType = sourcecode.swift; path = BatteryCard.swift; sourceTree = "<group>"; };
		B10000000000000000000009 /* CompactMenuView.swift */ = {isa = PBXFileReference; lastKnownFileType = sourcecode.swift; path = CompactMenuView.swift; sourceTree = "<group>"; };
		B1000000000000000000000A /* DashboardView.swift */ = {isa = PBXFileReference; lastKnownFileType = sourcecode.swift; path = DashboardView.swift; sourceTree = "<group>"; };
		B1000000000000000000000B /* SettingsView.swift */ = {isa = PBXFileReference; lastKnownFileType = sourcecode.swift; path = SettingsView.swift; sourceTree = "<group>"; };
		B1000000000000000000000C /* PowerMesh.entitlements */ = {isa = PBXFileReference; lastKnownFileType = text.plist.entitlements; path = PowerMesh.entitlements; sourceTree = "<group>"; };
		B1000000000000000000000D /* PowerMeshWatch.entitlements */ = {isa = PBXFileReference; lastKnownFileType = text.plist.entitlements; path = PowerMeshWatch.entitlements; sourceTree = "<group>"; };
		B1000000000000000000000E /* PrivacyInfo.xcprivacy */ = {isa = PBXFileReference; lastKnownFileType = text.xml; path = PrivacyInfo.xcprivacy; sourceTree = "<group>"; };
		B50000000000000000000001 /* Info.plist */ = {isa = PBXFileReference; lastKnownFileType = text.plist.xml; path = Info.plist; sourceTree = "<group>"; };
		B10000000000000000000010 /* PowerMesh.app */ = {isa = PBXFileReference; explicitFileType = wrapper.application; includeInIndex = 0; path = PowerMesh.app; sourceTree = BUILT_PRODUCTS_DIR; };
		B10000000000000000000011 /* PowerMeshWatch.app */ = {isa = PBXFileReference; explicitFileType = wrapper.application; includeInIndex = 0; path = PowerMeshWatch.app; sourceTree = BUILT_PRODUCTS_DIR; };
/* End PBXFileReference section */

/* Begin PBXCopyFilesBuildPhase section */
		C10000000000000000000004 /* Embed App Extensions */ = {isa = PBXCopyFilesBuildPhase; buildActionMask = 2147483647; dstPath = ""; dstSubfolderSpec = 13; files = (A40000000000000000000003 /* PowerMeshWidgets.appex in Embed App Extensions */, ); name = "Embed App Extensions"; runOnlyForDeploymentPostprocessing = 0; };
		C20000000000000000000004 /* Embed App Extensions */ = {isa = PBXCopyFilesBuildPhase; buildActionMask = 2147483647; dstPath = ""; dstSubfolderSpec = 13; files = (A40000000000000000000004 /* PowerMeshWidgets.appex in Embed App Extensions */, ); name = "Embed App Extensions"; runOnlyForDeploymentPostprocessing = 0; };
/* End PBXCopyFilesBuildPhase section */

/* Begin PBXFrameworksBuildPhase section */
		C10000000000000000000001 /* Frameworks */ = {isa = PBXFrameworksBuildPhase; buildActionMask = 2147483647; files = (); runOnlyForDeploymentPostprocessing = 0; };
		C20000000000000000000001 /* Frameworks */ = {isa = PBXFrameworksBuildPhase; buildActionMask = 2147483647; files = (); runOnlyForDeploymentPostprocessing = 0; };
		C30000000000000000000001 /* Frameworks */ = {isa = PBXFrameworksBuildPhase; buildActionMask = 2147483647; files = (); runOnlyForDeploymentPostprocessing = 0; };
/* End PBXFrameworksBuildPhase section */

/* Begin PBXGroup section */
		D00000000000000000000001 = {
			isa = PBXGroup;
			children = (D10000000000000000000001 /* PowerMesh */, D40000000000000000000001 /* PowerMeshWidgets */, D10000000000000000000003 /* Products */);
			sourceTree = "<group>";
		};
		D10000000000000000000001 /* PowerMesh */ = {
			isa = PBXGroup;
			children = (D11000000000000000000001 /* App */, D11000000000000000000002 /* Models */, D11000000000000000000003 /* Services */, D11000000000000000000004 /* Support */, D11000000000000000000005 /* Views */, B1000000000000000000000C /* PowerMesh.entitlements */, B1000000000000000000000D /* PowerMeshWatch.entitlements */, B1000000000000000000000E /* PrivacyInfo.xcprivacy */, B50000000000000000000001 /* Info.plist */, V70000000000000000000001 /* InfoPlist.strings */);
			path = PowerMesh;
			sourceTree = "<group>";
		};
		D11000000000000000000001 /* App */ = {isa = PBXGroup; children = (B10000000000000000000001 /* PowerMeshApp.swift */); path = App; sourceTree = "<group>"; };
		D11000000000000000000002 /* Models */ = {isa = PBXGroup; children = (B10000000000000000000002 /* BatterySnapshot.swift */, B30000000000000000000001 /* BatteryHistory.swift */); path = Models; sourceTree = "<group>"; };
		D11000000000000000000003 /* Services */ = {isa = PBXGroup; children = (B10000000000000000000003 /* BatteryDashboardStore.swift */, B10000000000000000000004 /* CloudBatteryStore.swift */, B10000000000000000000005 /* DeviceIdentity.swift */, B10000000000000000000006 /* LocalBatteryReader.swift */, B30000000000000000000002 /* PowerMeshStorage.swift */, B30000000000000000000003 /* BatteryNotificationService.swift */, B30000000000000000000004 /* BackgroundRefreshCoordinator.swift */, B70000000000000000000001 /* AccessoryBatteryScanner.swift */); path = Services; sourceTree = "<group>"; };
		D11000000000000000000004 /* Support */ = {isa = PBXGroup; children = (B10000000000000000000007 /* AppLanguage.swift */, B30000000000000000000005 /* AppLifecycle.swift */); path = Support; sourceTree = "<group>"; };
		D11000000000000000000005 /* Views */ = {isa = PBXGroup; children = (B10000000000000000000008 /* BatteryCard.swift */, B10000000000000000000009 /* CompactMenuView.swift */, B1000000000000000000000A /* DashboardView.swift */, B1000000000000000000000B /* SettingsView.swift */, B30000000000000000000006 /* DeviceDetailView.swift */); path = Views; sourceTree = "<group>"; };
		D40000000000000000000001 /* PowerMeshWidgets */ = {isa = PBXGroup; children = (B40000000000000000000001 /* PowerMeshWidgets.swift */, B40000000000000000000002 /* BatteryOverviewWidget.swift */, B40000000000000000000003 /* PowerMeshWidgets.entitlements */); path = PowerMeshWidgets; sourceTree = "<group>"; };
		D10000000000000000000003 /* Products */ = {isa = PBXGroup; children = (B10000000000000000000010 /* PowerMesh.app */, B10000000000000000000011 /* PowerMeshWatch.app */, B40000000000000000000010 /* PowerMeshWidgets.appex */); name = Products; sourceTree = "<group>"; };
/* End PBXGroup section */

/* Begin PBXNativeTarget section */
		E10000000000000000000001 /* PowerMesh */ = {
			isa = PBXNativeTarget;
			buildConfigurationList = F10000000000000000000001;
			buildPhases = (C10000000000000000000002 /* Sources */, C10000000000000000000001 /* Frameworks */, C10000000000000000000003 /* Resources */, C10000000000000000000004 /* Embed App Extensions */);
			buildRules = ();
			dependencies = (H10000000000000000000001 /* PBXTargetDependency */);
			name = PowerMesh;
			productName = PowerMesh;
			productReference = B10000000000000000000010 /* PowerMesh.app */;
			productType = "com.apple.product-type.application";
		};
		E20000000000000000000001 /* PowerMeshWatch */ = {
			isa = PBXNativeTarget;
			buildConfigurationList = F20000000000000000000001;
			buildPhases = (C20000000000000000000002 /* Sources */, C20000000000000000000001 /* Frameworks */, C20000000000000000000003 /* Resources */, C20000000000000000000004 /* Embed App Extensions */);
			buildRules = ();
			dependencies = (H20000000000000000000001 /* PBXTargetDependency */);
			name = PowerMeshWatch;
			productName = PowerMeshWatch;
			productReference = B10000000000000000000011 /* PowerMeshWatch.app */;
			productType = "com.apple.product-type.application";
		};
		E30000000000000000000001 /* PowerMeshWidgets */ = {
			isa = PBXNativeTarget;
			buildConfigurationList = F30000000000000000000001;
			buildPhases = (C30000000000000000000002 /* Sources */, C30000000000000000000001 /* Frameworks */, C30000000000000000000003 /* Resources */);
			buildRules = ();
			dependencies = ();
			name = PowerMeshWidgets;
			productName = PowerMeshWidgets;
			productReference = B40000000000000000000010 /* PowerMeshWidgets.appex */;
			productType = "com.apple.product-type.app-extension";
		};
/* End PBXNativeTarget section */

/* Begin PBXProject section */
		E00000000000000000000001 /* Project object */ = {
			isa = PBXProject;
			attributes = {BuildIndependentTargetsInParallel = 1; LastSwiftUpdateCheck = 2600; LastUpgradeCheck = 2600; TargetAttributes = {E10000000000000000000001 = {CreatedOnToolsVersion = 26.0; }; E20000000000000000000001 = {CreatedOnToolsVersion = 26.0; }; E30000000000000000000001 = {CreatedOnToolsVersion = 26.0; }; }; };
			buildConfigurationList = F00000000000000000000001;
			compatibilityVersion = "Xcode 14.0";
			developmentRegion = en;
			hasScannedForEncodings = 0;
			knownRegions = (en, es, Base);
			mainGroup = D00000000000000000000001;
			productRefGroup = D10000000000000000000003 /* Products */;
			projectDirPath = "";
			projectRoot = "";
			targets = (E10000000000000000000001 /* PowerMesh */, E20000000000000000000001 /* PowerMeshWatch */, E30000000000000000000001 /* PowerMeshWidgets */);
		};
/* End PBXProject section */

/* Begin PBXResourcesBuildPhase section */
		C10000000000000000000003 /* Resources */ = {isa = PBXResourcesBuildPhase; buildActionMask = 2147483647; files = (A1000000000000000000000C /* PrivacyInfo.xcprivacy in Resources */, A70010000000000000000002 /* InfoPlist.strings in Resources */); runOnlyForDeploymentPostprocessing = 0; };
		C20000000000000000000003 /* Resources */ = {isa = PBXResourcesBuildPhase; buildActionMask = 2147483647; files = (A2000000000000000000000C /* PrivacyInfo.xcprivacy in Resources */, A70020000000000000000002 /* InfoPlist.strings in Resources */); runOnlyForDeploymentPostprocessing = 0; };
		C30000000000000000000003 /* Resources */ = {isa = PBXResourcesBuildPhase; buildActionMask = 2147483647; files = (); runOnlyForDeploymentPostprocessing = 0; };
/* End PBXResourcesBuildPhase section */

/* Begin PBXSourcesBuildPhase section */
		C10000000000000000000002 /* Sources */ = {isa = PBXSourcesBuildPhase; buildActionMask = 2147483647; files = (A10000000000000000000001, A10000000000000000000002, A10000000000000000000003, A10000000000000000000004, A10000000000000000000005, A10000000000000000000006, A10000000000000000000007, A10000000000000000000008, A10000000000000000000009, A1000000000000000000000A, A1000000000000000000000B, A30010000000000000000001, A30010000000000000000002, A30010000000000000000003, A30010000000000000000004, A30010000000000000000005, A30010000000000000000006, A70010000000000000000001); runOnlyForDeploymentPostprocessing = 0; };
		C20000000000000000000002 /* Sources */ = {isa = PBXSourcesBuildPhase; buildActionMask = 2147483647; files = (A20000000000000000000001, A20000000000000000000002, A20000000000000000000003, A20000000000000000000004, A20000000000000000000005, A20000000000000000000006, A20000000000000000000007, A20000000000000000000008, A20000000000000000000009, A2000000000000000000000A, A2000000000000000000000B, A30020000000000000000001, A30020000000000000000002, A30020000000000000000003, A30020000000000000000004, A30020000000000000000005, A30020000000000000000006, A70020000000000000000001); runOnlyForDeploymentPostprocessing = 0; };
		C30000000000000000000002 /* Sources */ = {isa = PBXSourcesBuildPhase; buildActionMask = 2147483647; files = (A40000000000000000000001, A40000000000000000000002); runOnlyForDeploymentPostprocessing = 0; };
/* End PBXSourcesBuildPhase section */

/* Begin PBXVariantGroup section */
		V70000000000000000000001 /* InfoPlist.strings */ = {isa = PBXVariantGroup; children = (B70000000000000000000002 /* en */, B70000000000000000000003 /* es */); name = InfoPlist.strings; sourceTree = "<group>"; };
/* End PBXVariantGroup section */

/* Begin XCBuildConfiguration section */
		F01000000000000000000001 /* Debug */ = {isa = XCBuildConfiguration; buildSettings = {ALWAYS_SEARCH_USER_PATHS = NO; CLANG_ENABLE_MODULES = YES; COPY_PHASE_STRIP = NO; DEBUG_INFORMATION_FORMAT = dwarf; ENABLE_TESTABILITY = YES; GCC_C_LANGUAGE_STANDARD = gnu17; GCC_NO_COMMON_BLOCKS = YES; GCC_OPTIMIZATION_LEVEL = 0; ONLY_ACTIVE_ARCH = YES; SWIFT_ACTIVE_COMPILATION_CONDITIONS = "DEBUG $(inherited)"; SWIFT_OPTIMIZATION_LEVEL = "-Onone"; }; name = Debug; };
		F01000000000000000000003 /* DebugLocal */ = {isa = XCBuildConfiguration; buildSettings = {ALWAYS_SEARCH_USER_PATHS = NO; CLANG_ENABLE_MODULES = YES; COPY_PHASE_STRIP = NO; DEBUG_INFORMATION_FORMAT = dwarf; ENABLE_TESTABILITY = YES; GCC_C_LANGUAGE_STANDARD = gnu17; GCC_NO_COMMON_BLOCKS = YES; GCC_OPTIMIZATION_LEVEL = 0; ONLY_ACTIVE_ARCH = YES; SWIFT_ACTIVE_COMPILATION_CONDITIONS = "DEBUG POWERMESH_LOCAL_ONLY $(inherited)"; SWIFT_OPTIMIZATION_LEVEL = "-Onone"; }; name = DebugLocal; };
		F01000000000000000000002 /* Release */ = {isa = XCBuildConfiguration; buildSettings = {ALWAYS_SEARCH_USER_PATHS = NO; CLANG_ENABLE_MODULES = YES; COPY_PHASE_STRIP = YES; DEBUG_INFORMATION_FORMAT = "dwarf-with-dsym"; GCC_C_LANGUAGE_STANDARD = gnu17; GCC_NO_COMMON_BLOCKS = YES; SWIFT_COMPILATION_MODE = wholemodule; SWIFT_OPTIMIZATION_LEVEL = "-O"; }; name = Release; };
		F11000000000000000000001 /* Debug */ = {isa = XCBuildConfiguration; buildSettings = {CODE_SIGN_ENTITLEMENTS = PowerMesh/PowerMesh.entitlements; CODE_SIGN_STYLE = Automatic; CURRENT_PROJECT_VERSION = 6; DEVELOPMENT_TEAM = ""; ENABLE_HARDENED_RUNTIME = YES; GENERATE_INFOPLIST_FILE = NO; INFOPLIST_FILE = PowerMesh/Info.plist; INFOPLIST_KEY_CFBundleDisplayName = PowerMesh; INFOPLIST_KEY_LSApplicationCategoryType = "public.app-category.utilities"; IPHONEOS_DEPLOYMENT_TARGET = 17.0; MACOSX_DEPLOYMENT_TARGET = 14.0; MARKETING_VERSION = 0.1.5; PRODUCT_BUNDLE_IDENTIFIER = com.tiburonns.PowerMesh; PRODUCT_NAME = "$(TARGET_NAME)"; SUPPORTED_PLATFORMS = "iphoneos iphonesimulator macosx"; SUPPORTS_MACCATALYST = NO; SUPPORTS_MAC_DESIGNED_FOR_IPHONE_IPAD = NO; SWIFT_EMIT_LOC_STRINGS = NO; SWIFT_VERSION = 5.0; TARGETED_DEVICE_FAMILY = "1,2"; }; name = Debug; };
		F11000000000000000000003 /* DebugLocal */ = {isa = XCBuildConfiguration; buildSettings = {CODE_SIGN_STYLE = Automatic; CURRENT_PROJECT_VERSION = 6; DEVELOPMENT_TEAM = ""; ENABLE_HARDENED_RUNTIME = YES; GENERATE_INFOPLIST_FILE = NO; INFOPLIST_FILE = PowerMesh/Info.plist; INFOPLIST_KEY_CFBundleDisplayName = "PowerMesh Local"; INFOPLIST_KEY_LSApplicationCategoryType = "public.app-category.utilities"; IPHONEOS_DEPLOYMENT_TARGET = 17.0; MACOSX_DEPLOYMENT_TARGET = 14.0; MARKETING_VERSION = 0.1.5; PRODUCT_BUNDLE_IDENTIFIER = com.tiburonns.PowerMesh.local; PRODUCT_NAME = PowerMesh; SUPPORTED_PLATFORMS = "iphoneos iphonesimulator macosx"; SUPPORTS_MACCATALYST = NO; SUPPORTS_MAC_DESIGNED_FOR_IPHONE_IPAD = NO; SWIFT_ACTIVE_COMPILATION_CONDITIONS = "DEBUG POWERMESH_LOCAL_ONLY $(inherited)"; SWIFT_EMIT_LOC_STRINGS = NO; SWIFT_VERSION = 5.0; TARGETED_DEVICE_FAMILY = "1,2"; }; name = DebugLocal; };
		F11000000000000000000002 /* Release */ = {isa = XCBuildConfiguration; buildSettings = {CODE_SIGN_ENTITLEMENTS = PowerMesh/PowerMesh.entitlements; CODE_SIGN_STYLE = Automatic; CURRENT_PROJECT_VERSION = 6; DEVELOPMENT_TEAM = ""; ENABLE_HARDENED_RUNTIME = YES; GENERATE_INFOPLIST_FILE = NO; INFOPLIST_FILE = PowerMesh/Info.plist; INFOPLIST_KEY_CFBundleDisplayName = PowerMesh; INFOPLIST_KEY_LSApplicationCategoryType = "public.app-category.utilities"; IPHONEOS_DEPLOYMENT_TARGET = 17.0; MACOSX_DEPLOYMENT_TARGET = 14.0; MARKETING_VERSION = 0.1.5; PRODUCT_BUNDLE_IDENTIFIER = com.tiburonns.PowerMesh; PRODUCT_NAME = "$(TARGET_NAME)"; SUPPORTED_PLATFORMS = "iphoneos iphonesimulator macosx"; SUPPORTS_MACCATALYST = NO; SUPPORTS_MAC_DESIGNED_FOR_IPHONE_IPAD = NO; SWIFT_EMIT_LOC_STRINGS = NO; SWIFT_VERSION = 5.0; TARGETED_DEVICE_FAMILY = "1,2"; }; name = Release; };
		F21000000000000000000001 /* Debug */ = {isa = XCBuildConfiguration; buildSettings = {CODE_SIGN_ENTITLEMENTS = PowerMesh/PowerMeshWatch.entitlements; CODE_SIGN_STYLE = Automatic; CURRENT_PROJECT_VERSION = 6; DEVELOPMENT_TEAM = ""; GENERATE_INFOPLIST_FILE = YES; INFOPLIST_KEY_CFBundleDisplayName = PowerMesh; INFOPLIST_KEY_NSBluetoothAlwaysUsageDescription = "PowerMesh uses Bluetooth only to read battery levels exposed by compatible accessories."; INFOPLIST_KEY_WKApplication = YES; INFOPLIST_KEY_WKCompanionAppBundleIdentifier = com.tiburonns.PowerMesh; INFOPLIST_KEY_WKRunsIndependentlyOfCompanionApp = YES; INFOPLIST_KEY_WKWatchOnly = NO; MARKETING_VERSION = 0.1.5; PRODUCT_BUNDLE_IDENTIFIER = com.tiburonns.PowerMesh.watchkitapp; PRODUCT_NAME = PowerMeshWatch; SDKROOT = watchos; SKIP_INSTALL = YES; SUPPORTED_PLATFORMS = "watchos watchsimulator"; SWIFT_EMIT_LOC_STRINGS = NO; SWIFT_VERSION = 5.0; TARGETED_DEVICE_FAMILY = 4; WATCHOS_DEPLOYMENT_TARGET = 10.0; }; name = Debug; };
		F21000000000000000000002 /* Release */ = {isa = XCBuildConfiguration; buildSettings = {CODE_SIGN_ENTITLEMENTS = PowerMesh/PowerMeshWatch.entitlements; CODE_SIGN_STYLE = Automatic; CURRENT_PROJECT_VERSION = 6; DEVELOPMENT_TEAM = ""; GENERATE_INFOPLIST_FILE = YES; INFOPLIST_KEY_CFBundleDisplayName = PowerMesh; INFOPLIST_KEY_NSBluetoothAlwaysUsageDescription = "PowerMesh uses Bluetooth only to read battery levels exposed by compatible accessories."; INFOPLIST_KEY_WKApplication = YES; INFOPLIST_KEY_WKCompanionAppBundleIdentifier = com.tiburonns.PowerMesh; INFOPLIST_KEY_WKRunsIndependentlyOfCompanionApp = YES; INFOPLIST_KEY_WKWatchOnly = NO; MARKETING_VERSION = 0.1.5; PRODUCT_BUNDLE_IDENTIFIER = com.tiburonns.PowerMesh.watchkitapp; PRODUCT_NAME = PowerMeshWatch; SDKROOT = watchos; SKIP_INSTALL = YES; SUPPORTED_PLATFORMS = "watchos watchsimulator"; SWIFT_EMIT_LOC_STRINGS = NO; SWIFT_VERSION = 5.0; TARGETED_DEVICE_FAMILY = 4; WATCHOS_DEPLOYMENT_TARGET = 10.0; }; name = Release; };
		F31000000000000000000001 /* Debug */ = {isa = XCBuildConfiguration; buildSettings = {APPLICATION_EXTENSION_API_ONLY = YES; CODE_SIGN_ENTITLEMENTS = PowerMeshWidgets/PowerMeshWidgets.entitlements; CODE_SIGN_STYLE = Automatic; CURRENT_PROJECT_VERSION = 6; DEVELOPMENT_TEAM = ""; GENERATE_INFOPLIST_FILE = YES; INFOPLIST_KEY_CFBundleDisplayName = PowerMesh; INFOPLIST_KEY_NSExtension_NSExtensionPointIdentifier = "com.apple.widgetkit-extension"; IPHONEOS_DEPLOYMENT_TARGET = 17.0; MACOSX_DEPLOYMENT_TARGET = 14.0; MARKETING_VERSION = 0.1.5; PRODUCT_BUNDLE_IDENTIFIER = com.tiburonns.PowerMesh.widgets; "PRODUCT_BUNDLE_IDENTIFIER[sdk=watchos*]" = com.tiburonns.PowerMesh.watchkitapp.widgets; "PRODUCT_BUNDLE_IDENTIFIER[sdk=watchsimulator*]" = com.tiburonns.PowerMesh.watchkitapp.widgets; PRODUCT_NAME = PowerMeshWidgets; SKIP_INSTALL = YES; SUPPORTED_PLATFORMS = "iphoneos iphonesimulator macosx watchos watchsimulator"; SWIFT_VERSION = 5.0; TARGETED_DEVICE_FAMILY = "1,2,4"; WATCHOS_DEPLOYMENT_TARGET = 10.0; }; name = Debug; };
		F31000000000000000000003 /* DebugLocal */ = {isa = XCBuildConfiguration; buildSettings = {APPLICATION_EXTENSION_API_ONLY = YES; CODE_SIGN_STYLE = Automatic; CURRENT_PROJECT_VERSION = 6; DEVELOPMENT_TEAM = ""; GENERATE_INFOPLIST_FILE = YES; INFOPLIST_KEY_CFBundleDisplayName = "PowerMesh Local"; INFOPLIST_KEY_NSExtension_NSExtensionPointIdentifier = "com.apple.widgetkit-extension"; IPHONEOS_DEPLOYMENT_TARGET = 17.0; MACOSX_DEPLOYMENT_TARGET = 14.0; MARKETING_VERSION = 0.1.5; PRODUCT_BUNDLE_IDENTIFIER = com.tiburonns.PowerMesh.local.widgets; PRODUCT_NAME = PowerMeshWidgets; SKIP_INSTALL = YES; SUPPORTED_PLATFORMS = "iphoneos iphonesimulator macosx"; SWIFT_ACTIVE_COMPILATION_CONDITIONS = "DEBUG POWERMESH_LOCAL_ONLY $(inherited)"; SWIFT_VERSION = 5.0; TARGETED_DEVICE_FAMILY = "1,2"; }; name = DebugLocal; };
		F31000000000000000000002 /* Release */ = {isa = XCBuildConfiguration; buildSettings = {APPLICATION_EXTENSION_API_ONLY = YES; CODE_SIGN_ENTITLEMENTS = PowerMeshWidgets/PowerMeshWidgets.entitlements; CODE_SIGN_STYLE = Automatic; CURRENT_PROJECT_VERSION = 6; DEVELOPMENT_TEAM = ""; GENERATE_INFOPLIST_FILE = YES; INFOPLIST_KEY_CFBundleDisplayName = PowerMesh; INFOPLIST_KEY_NSExtension_NSExtensionPointIdentifier = "com.apple.widgetkit-extension"; IPHONEOS_DEPLOYMENT_TARGET = 17.0; MACOSX_DEPLOYMENT_TARGET = 14.0; MARKETING_VERSION = 0.1.5; PRODUCT_BUNDLE_IDENTIFIER = com.tiburonns.PowerMesh.widgets; "PRODUCT_BUNDLE_IDENTIFIER[sdk=watchos*]" = com.tiburonns.PowerMesh.watchkitapp.widgets; "PRODUCT_BUNDLE_IDENTIFIER[sdk=watchsimulator*]" = com.tiburonns.PowerMesh.watchkitapp.widgets; PRODUCT_NAME = PowerMeshWidgets; SKIP_INSTALL = YES; SUPPORTED_PLATFORMS = "iphoneos iphonesimulator macosx watchos watchsimulator"; SWIFT_VERSION = 5.0; TARGETED_DEVICE_FAMILY = "1,2,4"; WATCHOS_DEPLOYMENT_TARGET = 10.0; }; name = Release; };
/* End XCBuildConfiguration section */

/* Begin XCConfigurationList section */
		F00000000000000000000001 = {isa = XCConfigurationList; buildConfigurations = (F01000000000000000000001, F01000000000000000000003, F01000000000000000000002); defaultConfigurationIsVisible = 0; defaultConfigurationName = Release; };
		F10000000000000000000001 = {isa = XCConfigurationList; buildConfigurations = (F11000000000000000000001, F11000000000000000000003, F11000000000000000000002); defaultConfigurationIsVisible = 0; defaultConfigurationName = Release; };
		F20000000000000000000001 = {isa = XCConfigurationList; buildConfigurations = (F21000000000000000000001, F21000000000000000000002); defaultConfigurationIsVisible = 0; defaultConfigurationName = Release; };
/* End XCConfigurationList section */
	};
	rootObject = E00000000000000000000001 /* Project object */;
}
